# This file was autogenerated by Stack.
# You should not edit this file by hand.
# For more information, please see the documentation at:
#   https://docs.haskellstack.org/en/stable/topics/lock_files

packages:
- completed:
    hackage: env-guard-0.2@sha256:4251503bde7549e267bd307f4b293c8c0ac48c6585968108e3e3fc5a3cfbb179,1312
    pantry-tree:
      sha256: 8775e6e349155fefc70b1d81394657dd1f2b85865125f7cf8d235c93dd8add89
      size: 419
  original:
    hackage: env-guard-0.2@sha256:4251503bde7549e267bd307f4b293c8c0ac48c6585968108e3e3fc5a3cfbb179,1312
- completed:
    hackage: ghc-experimental-9.1201.0@sha256:1cc6bafaa261e3eb262ab4bbb15e3d9127d6c810dbf619dfe43b59644dc00a61,1572
    pantry-tree:
      sha256: eba23cd432180f367f9b1a881fc3d2c2ede400ce17926fdc9a5b2722d122c9bd
      size: 702
  original:
    hackage: ghc-experimental-9.1201.0@sha256:1cc6bafaa261e3eb262ab4bbb15e3d9127d6c810dbf619dfe43b59644dc00a61,1572
- completed:
    hackage: gitrev-typed-0.1@sha256:905b696dec9c52486290cfef2d3156420de83f5b21bfb0821a37822f40ee1568,3783
    pantry-tree:
      sha256: d9aa23d85f9b5230458e035e52d1dbc676f762468c4a38e7be93dcac18b4029e
      size: 1663
  original:
    hackage: gitrev-typed-0.1@sha256:905b696dec9c52486290cfef2d3156420de83f5b21bfb0821a37822f40ee1568,3783
- completed:
    hackage: random-1.2.1.3@sha256:117541ba0a177397a3333f94870f789ef050dca31b0688a19824b2bc401b8823,6237
    pantry-tree:
      sha256: 79fdbb95ca2d108acb7b01903dbe288008cecbdc558105b7fdc095bfff7f3e09
      size: 1528
  original:
    hackage: random-1.2.1.3@sha256:117541ba0a177397a3333f94870f789ef050dca31b0688a19824b2bc401b8823,6237
- completed:
    hackage: regression-simple-0.2.1@sha256:a6338a5a048db419cde21fb403df9f4df3508145f939350a15b3e0b9d8ee39d7,2319
    pantry-tree:
      sha256: f8db3e7edcbd7069d353c90b5f6aea0e880e9ff7c499686de20ceef0c3114374
      size: 628
  original:
    hackage: regression-simple-0.2.1@sha256:a6338a5a048db419cde21fb403df9f4df3508145f939350a15b3e0b9d8ee39d7,2319
- completed:
    hackage: tasty-bench-fit-0.1.1@sha256:aa300865236c5d6ef65bef09033a92484f0a91c3902bc29d0e6d02aa3626c4bd,1894
    pantry-tree:
      sha256: 0979ab1d79ed52d9abceab966907b100f19cde91f3976a9d308464c6adcb2379
      size: 559
  original:
    hackage: tasty-bench-fit-0.1.1@sha256:aa300865236c5d6ef65bef09033a92484f0a91c3902bc29d0e6d02aa3626c4bd,1894
- completed:
    commit: 37ec7127fbd0f591d4539e4bf72a0badd7569181
    git: https://github.com/tbidne/algebra-simple.git
    name: algebra-simple
    pantry-tree:
      sha256: 879b4397add8d76e697f03f4ab986d3125a72b773df88508a360db140adb459a
      size: 3909
    version: '0.1'
  original:
    commit: 37ec7127fbd0f591d4539e4bf72a0badd7569181
    git: https://github.com/tbidne/algebra-simple.git
- completed:
    commit: b7ca541cfdd8564bcebe5d38456fe7abf77885b8
    git: https://github.com/tbidne/bounds.git
    name: bounds
    pantry-tree:
      sha256: 809a408e9b84404268e9da1a5ea8a100f683fe17ba96185ee51b01ae570c1227
      size: 833
    version: '0.1'
  original:
    commit: b7ca541cfdd8564bcebe5d38456fe7abf77885b8
    git: https://github.com/tbidne/bounds.git
- completed:
    commit: 326ee75e7705ccaf010941ae698f1c43355d4c1b
    git: https://github.com/tbidne/effectful-libs.git
    name: concurrent-effectful
    pantry-tree:
      sha256: 9a7e92aa1be937fef38894654b26789d75d5ae2aad16960f8cc9a01b64d9d11e
      size: 245
    subdir: lib/concurrent-effectful
    version: '0.1'
  original:
    commit: 326ee75e7705ccaf010941ae698f1c43355d4c1b
    git: https://github.com/tbidne/effectful-libs.git
    subdir: lib/concurrent-effectful
- completed:
    commit: 326ee75e7705ccaf010941ae698f1c43355d4c1b
    git: https://github.com/tbidne/effectful-libs.git
    name: effectful-utils
    pantry-tree:
      sha256: 2196859b3784a1f0688ea99ee310f7e91412fe296d93958f01471af96d23639f
      size: 236
    subdir: lib/effectful-utils
    version: '0.1'
  original:
    commit: 326ee75e7705ccaf010941ae698f1c43355d4c1b
    git: https://github.com/tbidne/effectful-libs.git
    subdir: lib/effectful-utils
- completed:
    commit: 326ee75e7705ccaf010941ae698f1c43355d4c1b
    git: https://github.com/tbidne/effectful-libs.git
    name: fs-effectful
    pantry-tree:
      sha256: e055dcdc5c7134c74b08220618458f9f9af004d3954ff362ece63ffca12e88d5
      size: 1718
    subdir: lib/fs-effectful
    version: '0.1'
  original:
    commit: 326ee75e7705ccaf010941ae698f1c43355d4c1b
    git: https://github.com/tbidne/effectful-libs.git
    subdir: lib/fs-effectful
- completed:
    commit: 326ee75e7705ccaf010941ae698f1c43355d4c1b
    git: https://github.com/tbidne/effectful-libs.git
    name: ioref-effectful
    pantry-tree:
      sha256: e20e4513fa9aea629da9280f7abe133e544e190b79ecebc77ccc90d681e024c6
      size: 235
    subdir: lib/ioref-effectful
    version: '0.1'
  original:
    commit: 326ee75e7705ccaf010941ae698f1c43355d4c1b
    git: https://github.com/tbidne/effectful-libs.git
    subdir: lib/ioref-effectful
- completed:
    commit: 326ee75e7705ccaf010941ae698f1c43355d4c1b
    git: https://github.com/tbidne/effectful-libs.git
    name: logger-effectful
    pantry-tree:
      sha256: eb3ac899831e16ce07a5d3ac7dd78d5460a3db1bbeeab48ad770eda816079743
      size: 675
    subdir: lib/logger-effectful
    version: '0.1'
  original:
    commit: 326ee75e7705ccaf010941ae698f1c43355d4c1b
    git: https://github.com/tbidne/effectful-libs.git
    subdir: lib/logger-effectful
- completed:
    commit: 326ee75e7705ccaf010941ae698f1c43355d4c1b
    git: https://github.com/tbidne/effectful-libs.git
    name: optparse-effectful
    pantry-tree:
      sha256: 62752e735cf6d6f4119cc0df08e2f4ab36704b9c2e01ec808e5b6ff5ece3bdcc
      size: 462
    subdir: lib/optparse-effectful
    version: '0.1'
  original:
    commit: 326ee75e7705ccaf010941ae698f1c43355d4c1b
    git: https://github.com/tbidne/effectful-libs.git
    subdir: lib/optparse-effectful
- completed:
    commit: 326ee75e7705ccaf010941ae698f1c43355d4c1b
    git: https://github.com/tbidne/effectful-libs.git
    name: terminal-effectful
    pantry-tree:
      sha256: efc6bec8fe913e14c244f33c88452f8736bf822210722024760b45bd9f2d1e09
      size: 315
    subdir: lib/terminal-effectful
    version: '0.1'
  original:
    commit: 326ee75e7705ccaf010941ae698f1c43355d4c1b
    git: https://github.com/tbidne/effectful-libs.git
    subdir: lib/terminal-effectful
- completed:
    commit: 326ee75e7705ccaf010941ae698f1c43355d4c1b
    git: https://github.com/tbidne/effectful-libs.git
    name: time-effectful
    pantry-tree:
      sha256: 3049c3f16a62fdc441157f52981c2768ebe55a00d595632f59781d393d3f99f9
      size: 501
    subdir: lib/time-effectful
    version: '0.1'
  original:
    commit: 326ee75e7705ccaf010941ae698f1c43355d4c1b
    git: https://github.com/tbidne/effectful-libs.git
    subdir: lib/time-effectful
- completed:
    commit: 326ee75e7705ccaf010941ae698f1c43355d4c1b
    git: https://github.com/tbidne/effectful-libs.git
    name: typed-process-dynamic-effectful
    pantry-tree:
      sha256: 91258bf928a6f72a3f5b2bfee7956b037f81e6923fb3f0a381d9069fc92cc528
      size: 261
    subdir: lib/typed-process-dynamic-effectful
    version: '0.1'
  original:
    commit: 326ee75e7705ccaf010941ae698f1c43355d4c1b
    git: https://github.com/tbidne/effectful-libs.git
    subdir: lib/typed-process-dynamic-effectful
- completed:
    commit: 61a9e06a26adcca70d565105a1508a16022435a2
    git: https://github.com/tbidne/exception-utils.git
    name: exception-utils
    pantry-tree:
      sha256: cce91e13bdcc949c46876cd1cd88d7493a1a6bac1228a7bea753b050f52feb43
      size: 1032
    version: '0.1'
  original:
    commit: 61a9e06a26adcca70d565105a1508a16022435a2
    git: https://github.com/tbidne/exception-utils.git
- completed:
    commit: 26136275027fd827574c5004ebd11b659d7abdab
    git: https://github.com/tbidne/fs-utils.git
    name: fs-utils
    pantry-tree:
      sha256: 493e755e1e9ffea4e744b647d1f003809f9d123171ef0583507c99a56b4861d1
      size: 1316
    version: '0.1'
  original:
    commit: 26136275027fd827574c5004ebd11b659d7abdab
    git: https://github.com/tbidne/fs-utils.git
- completed:
    commit: be79249b8909dba64d3b301025d4d684f46ec2a1
    git: https://github.com/tbidne/relative-time.git
    name: relative-time
    pantry-tree:
      sha256: 04e4e50511bdb6401c80f880702243d2277574fa8abc7ffbaf1bbfd8de78bf29
      size: 783
    version: '0.1'
  original:
    commit: be79249b8909dba64d3b301025d4d684f46ec2a1
    git: https://github.com/tbidne/relative-time.git
- completed:
    commit: 4e10a4134f825ba825113955bb97be7f7e28ad6e
    git: https://github.com/tbidne/smart-math.git
    name: smart-math
    pantry-tree:
      sha256: 1888908c5a0bea7f509727f184ca55ef52ac63850cec0feb9616e15fa0bf88f8
      size: 4884
    version: '0.1'
  original:
    commit: 4e10a4134f825ba825113955bb97be7f7e28ad6e
    git: https://github.com/tbidne/smart-math.git
snapshots:
- completed:
    sha256: aed20a74b586cf692559f427c3b81275ae15accd022f9ed8d237aa821ba767ba
    size: 705113
    url: https://raw.githubusercontent.com/commercialhaskell/stackage-snapshots/master/nightly/2025/11/4.yaml
  original: nightly-2025-11-04
