# This file was autogenerated by Stack.
# You should not edit this file by hand.
# For more information, please see the documentation at:
#   https://docs.haskellstack.org/en/stable/lock_files

packages:
- completed:
    hackage: env-guard-0.2@sha256:4251503bde7549e267bd307f4b293c8c0ac48c6585968108e3e3fc5a3cfbb179,1312
    pantry-tree:
      sha256: 8775e6e349155fefc70b1d81394657dd1f2b85865125f7cf8d235c93dd8add89
      size: 419
  original:
    hackage: env-guard-0.2@sha256:4251503bde7549e267bd307f4b293c8c0ac48c6585968108e3e3fc5a3cfbb179,1312
- completed:
    hackage: tasty-bench-fit-0.1.1@sha256:f9f231d793590d5a1a3b1c455004712c7468b6c6953aa129c4961e38dd8a2f9a,1810
    pantry-tree:
      sha256: 66ed3b49a663400b7badcf9a3b06bbfaa30313dbc45d5293bc0987de79281de6
      size: 559
  original:
    hackage: tasty-bench-fit-0.1.1@sha256:f9f231d793590d5a1a3b1c455004712c7468b6c6953aa129c4961e38dd8a2f9a,1810
- completed:
    hackage: text-display-0.0.5.2@sha256:6e6a5bf1c83dfa6c34692ed5d8ea87f1bd385984309b42c302f2156f4d82477b,2670
    pantry-tree:
      sha256: e84ac3f5fdc4d6e1c544174735beb80474cf7d7b849abfd1ae6184517a30c1c1
      size: 3364
  original:
    hackage: text-display-0.0.5.2@sha256:6e6a5bf1c83dfa6c34692ed5d8ea87f1bd385984309b42c302f2156f4d82477b,2670
- completed:
    commit: 37ec7127fbd0f591d4539e4bf72a0badd7569181
    git: https://github.com/tbidne/algebra-simple.git
    name: algebra-simple
    pantry-tree:
      sha256: 879b4397add8d76e697f03f4ab986d3125a72b773df88508a360db140adb459a
      size: 3909
    version: '0.1'
  original:
    commit: 37ec7127fbd0f591d4539e4bf72a0badd7569181
    git: https://github.com/tbidne/algebra-simple.git
- completed:
    commit: b7ca541cfdd8564bcebe5d38456fe7abf77885b8
    git: https://github.com/tbidne/bounds.git
    name: bounds
    pantry-tree:
      sha256: 809a408e9b84404268e9da1a5ea8a100f683fe17ba96185ee51b01ae570c1227
      size: 833
    version: '0.1'
  original:
    commit: b7ca541cfdd8564bcebe5d38456fe7abf77885b8
    git: https://github.com/tbidne/bounds.git
- completed:
    commit: 9697330f9fc02b31aead5924997e54511992a796
    git: https://github.com/tbidne/effectful-libs.git
    name: concurrent-effectful
    pantry-tree:
      sha256: 06c0b1f1c904853b8f75ea4bf4de0f5cbd184f44fcc49e92db332db808e6439f
      size: 245
    subdir: lib/concurrent-effectful
    version: '0.1'
  original:
    commit: 9697330f9fc02b31aead5924997e54511992a796
    git: https://github.com/tbidne/effectful-libs.git
    subdir: lib/concurrent-effectful
- completed:
    commit: 9697330f9fc02b31aead5924997e54511992a796
    git: https://github.com/tbidne/effectful-libs.git
    name: effectful-utils
    pantry-tree:
      sha256: 1b641c74f4d7df3062dd193d6182169e1c408c97206bcf4ce7ba243fd91d3213
      size: 236
    subdir: lib/effectful-utils
    version: '0.1'
  original:
    commit: 9697330f9fc02b31aead5924997e54511992a796
    git: https://github.com/tbidne/effectful-libs.git
    subdir: lib/effectful-utils
- completed:
    commit: 9697330f9fc02b31aead5924997e54511992a796
    git: https://github.com/tbidne/effectful-libs.git
    name: fs-effectful
    pantry-tree:
      sha256: 3c21fa27fa17c8ce77857a97ca4ccfdc319e6c0ea90aa5230839745c6622387c
      size: 1718
    subdir: lib/fs-effectful
    version: '0.1'
  original:
    commit: 9697330f9fc02b31aead5924997e54511992a796
    git: https://github.com/tbidne/effectful-libs.git
    subdir: lib/fs-effectful
- completed:
    commit: 9697330f9fc02b31aead5924997e54511992a796
    git: https://github.com/tbidne/effectful-libs.git
    name: ioref-effectful
    pantry-tree:
      sha256: 57036d174f13fb98c5b0ec36332c966d2d51d11799126b6ab82d5a2a85fccee5
      size: 235
    subdir: lib/ioref-effectful
    version: '0.1'
  original:
    commit: 9697330f9fc02b31aead5924997e54511992a796
    git: https://github.com/tbidne/effectful-libs.git
    subdir: lib/ioref-effectful
- completed:
    commit: 9697330f9fc02b31aead5924997e54511992a796
    git: https://github.com/tbidne/effectful-libs.git
    name: logger-effectful
    pantry-tree:
      sha256: 9638224c92770032d0d9bb08f42b028f47922d73546ae61bd5358f988de7f609
      size: 297
    subdir: lib/logger-effectful
    version: '0.1'
  original:
    commit: 9697330f9fc02b31aead5924997e54511992a796
    git: https://github.com/tbidne/effectful-libs.git
    subdir: lib/logger-effectful
- completed:
    commit: 9697330f9fc02b31aead5924997e54511992a796
    git: https://github.com/tbidne/effectful-libs.git
    name: logger-ns-effectful
    pantry-tree:
      sha256: 0d924e435d4657f37885f93bf6e2300aa88bb0d20b0c592a4d743220dc451e3c
      size: 446
    subdir: lib/logger-ns-effectful
    version: '0.1'
  original:
    commit: 9697330f9fc02b31aead5924997e54511992a796
    git: https://github.com/tbidne/effectful-libs.git
    subdir: lib/logger-ns-effectful
- completed:
    commit: 9697330f9fc02b31aead5924997e54511992a796
    git: https://github.com/tbidne/effectful-libs.git
    name: optparse-effectful
    pantry-tree:
      sha256: de75adf6ea69234f3bf78a222ae490e4aa952479210c03cdb49c0adfe586f8cb
      size: 386
    subdir: lib/optparse-effectful
    version: '0.1'
  original:
    commit: 9697330f9fc02b31aead5924997e54511992a796
    git: https://github.com/tbidne/effectful-libs.git
    subdir: lib/optparse-effectful
- completed:
    commit: 9697330f9fc02b31aead5924997e54511992a796
    git: https://github.com/tbidne/effectful-libs.git
    name: terminal-effectful
    pantry-tree:
      sha256: 7abdf37d59829bb497b0aa9bcb989e11ab9f5f4dd2a29dd693e2e7600198e9f8
      size: 315
    subdir: lib/terminal-effectful
    version: '0.1'
  original:
    commit: 9697330f9fc02b31aead5924997e54511992a796
    git: https://github.com/tbidne/effectful-libs.git
    subdir: lib/terminal-effectful
- completed:
    commit: 9697330f9fc02b31aead5924997e54511992a796
    git: https://github.com/tbidne/effectful-libs.git
    name: time-effectful
    pantry-tree:
      sha256: d4e0ff6160544f1734c3b41a9bfd327c9b9b46a709e65ee2bc9e5c11befca0da
      size: 501
    subdir: lib/time-effectful
    version: '0.1'
  original:
    commit: 9697330f9fc02b31aead5924997e54511992a796
    git: https://github.com/tbidne/effectful-libs.git
    subdir: lib/time-effectful
- completed:
    commit: 9697330f9fc02b31aead5924997e54511992a796
    git: https://github.com/tbidne/effectful-libs.git
    name: typed-process-dynamic-effectful
    pantry-tree:
      sha256: bf69b8dcd3475b9731bc1e5a256b4b64963266b5324a979c3b8f6bca974219a0
      size: 261
    subdir: lib/typed-process-dynamic-effectful
    version: '0.1'
  original:
    commit: 9697330f9fc02b31aead5924997e54511992a796
    git: https://github.com/tbidne/effectful-libs.git
    subdir: lib/typed-process-dynamic-effectful
- completed:
    commit: e28b28ae3bc90a0336abf69eff28369b790f4e13
    git: https://github.com/tbidne/exception-utils.git
    name: exception-utils
    pantry-tree:
      sha256: 7f2b5295921647e923acf2a01756b3e37b5aef3e0ae4c265f6c2815cde0e76cb
      size: 1032
    version: '0.1'
  original:
    commit: e28b28ae3bc90a0336abf69eff28369b790f4e13
    git: https://github.com/tbidne/exception-utils.git
- completed:
    commit: 83472bc22a938db0d3b4c02a24a52bfca0484637
    git: https://github.com/tbidne/fs-utils.git
    name: fs-utils
    pantry-tree:
      sha256: fdaee3d0e3ff48d1fb49c12be01277c6f39326a0d131cfa271fad0c9e4679dea
      size: 1103
    version: '0.1'
  original:
    commit: 83472bc22a938db0d3b4c02a24a52bfca0484637
    git: https://github.com/tbidne/fs-utils.git
- completed:
    commit: 6bd6c1208bcda9f5d5ecb7ff45fafb91929cdea8
    git: https://github.com/tbidne/relative-time.git
    name: relative-time
    pantry-tree:
      sha256: 2a8b0d0b5e1185265d717d0d88e2ab0a7358db7bf27542411561e8d9a815e718
      size: 899
    version: '0.1'
  original:
    commit: 6bd6c1208bcda9f5d5ecb7ff45fafb91929cdea8
    git: https://github.com/tbidne/relative-time.git
- completed:
    commit: a39c02ec6a5a9c4b551baffafd75f26be74dd457
    git: https://github.com/tbidne/smart-math.git
    name: smart-math
    pantry-tree:
      sha256: a1e0b92a964ef0f9b502abc2259374cb2b960a11e6911ec12471d2a9d4f127b7
      size: 6200
    version: '0.1'
  original:
    commit: a39c02ec6a5a9c4b551baffafd75f26be74dd457
    git: https://github.com/tbidne/smart-math.git
snapshots:
- completed:
    sha256: f845a23b2f5cf4b08151dea86225506ad057444422830a1b7bc282a73722c06a
    size: 654474
    url: https://raw.githubusercontent.com/commercialhaskell/stackage-snapshots/master/nightly/2025/2/18.yaml
  original: nightly-2025-02-18
